<?xml version="1.0" encoding="utf-8"?>
<Project ToolsVersion="4.0" xmlns="http://schemas.microsoft.com/developer/msbuild/2003">
  <ItemGroup>
    <Filter Include="Source Files">
      <UniqueIdentifier>{4FC737F1-C7A5-4376-A066-2A32D752A2FF}</UniqueIdentifier>
      <Extensions>cpp;c;cc;cxx;def;odl;idl;hpj;bat;asm;asmx</Extensions>
    </Filter>
    <Filter Include="Header Files">
      <UniqueIdentifier>{93995380-89BD-4b04-88EB-625FBE52EBFB}</UniqueIdentifier>
      <Extensions>h;hh;hpp;hxx;hm;inl;inc;xsd</Extensions>
    </Filter>
    <Filter Include="Resource Files">
      <UniqueIdentifier>{67DA6AB6-F800-4c08-8B7A-83BB121AAD01}</UniqueIdentifier>
      <Extensions>rc;ico;cur;bmp;dlg;rc2;rct;bin;rgs;gif;jpg;jpeg;jpe;resx;tiff;tif;png;wav;mfcribbon-ms</Extensions>
    </Filter>
    <Filter Include="States">
      <UniqueIdentifier>{59dea51f-a6eb-43c6-a488-0e7d7adc8362}</UniqueIdentifier>
    </Filter>
    <Filter Include="Network States">
      <UniqueIdentifier>{31da9655-a3cc-41fc-9db7-a2bd0c0bb975}</UniqueIdentifier>
    </Filter>
  </ItemGroup>
  <ItemGroup>
    <ClCompile Include="main.cpp">
      <Filter>Source Files</Filter>
    </ClCompile>
    <ClCompile Include="Application.cpp">
      <Filter>Source Files</Filter>
    </ClCompile>
    <ClCompile Include="GameObject.cpp">
      <Filter>Source Files</Filter>
    </ClCompile>
    <ClCompile Include="Player.cpp">
      <Filter>Source Files</Filter>
    </ClCompile>
    <ClCompile Include="State.cpp">
      <Filter>States</Filter>
    </ClCompile>
    <ClCompile Include="Level.cpp">
      <Filter>States</Filter>
    </ClCompile>
    <ClCompile Include="InitState.cpp">
      <Filter>States</Filter>
    </ClCompile>
    <ClCompile Include="PauseState.cpp">
      <Filter>States</Filter>
    </ClCompile>
    <ClCompile Include="StartScreenState.cpp">
      <Filter>States</Filter>
    </ClCompile>
    <ClCompile Include="Snake.cpp">
      <Filter>Source Files</Filter>
    </ClCompile>
    <ClCompile Include="WaitState.cpp">
      <Filter>Network States</Filter>
    </ClCompile>
    <ClCompile Include="NetworkState.cpp">
      <Filter>Network States</Filter>
    </ClCompile>
    <ClCompile Include="GetHostState.cpp">
      <Filter>Network States</Filter>
    </ClCompile>
    <ClCompile Include="GameState.cpp">
      <Filter>Network States</Filter>
    </ClCompile>
    <ClCompile Include="InitNetworkState.cpp">
      <Filter>Network States</Filter>
    </ClCompile>
  </ItemGroup>
  <ItemGroup>
    <ClInclude Include="Application.h">
      <Filter>Header Files</Filter>
    </ClInclude>
    <ClInclude Include="GameObject.h">
      <Filter>Header Files</Filter>
    </ClInclude>
    <ClInclude Include="Player.h">
      <Filter>Header Files</Filter>
    </ClInclude>
    <ClInclude Include="State.h">
      <Filter>States</Filter>
    </ClInclude>
    <ClInclude Include="Level.h">
      <Filter>States</Filter>
    </ClInclude>
    <ClInclude Include="InitState.h">
      <Filter>States</Filter>
    </ClInclude>
    <ClInclude Include="PauseState.h">
      <Filter>States</Filter>
    </ClInclude>
    <ClInclude Include="StartScreenState.h">
      <Filter>States</Filter>
    </ClInclude>
    <ClInclude Include="Snake.h">
      <Filter>Header Files</Filter>
    </ClInclude>
    <ClInclude Include="WaitState.h">
      <Filter>Network States</Filter>
    </ClInclude>
    <ClInclude Include="GetHostState.h">
      <Filter>Network States</Filter>
    </ClInclude>
    <ClInclude Include="NetworkState.h">
      <Filter>Network States</Filter>
    </ClInclude>
    <ClInclude Include="GameState.h">
      <Filter>Network States</Filter>
    </ClInclude>
    <ClInclude Include="InitNetworkState.h">
      <Filter>Network States</Filter>
    </ClInclude>
  </ItemGroup>
</Project>